
Microsoft Visual Studio Solution File, Format Version 12.00
# Visual Studio Version 17
VisualStudioVersion = 17.2.32630.192
MinimumVisualStudioVersion = 10.0.40219.1
Project("{FAE04EC0-301F-11D3-BF4B-00C04F79EFBC}") = "Sistemaprestamo1", "Sistemaprestamo1.csproj", "{DD29A9E6-60FE-45E5-8A5A-D0AF837295EB}"
EndProject
Global
	GlobalSection(SolutionConfigurationPlatforms) = preSolution
		Debug|Any CPU = Debug|Any CPU
		Release|Any CPU = Release|Any CPU
	EndGlobalSection
	GlobalSection(ProjectConfigurationPlatforms) = postSolution
		{DD29A9E6-60FE-45E5-8A5A-D0AF837295EB}.Debug|Any CPU.ActiveCfg = Debug|Any CPU
		{DD29A9E6-60FE-45E5-8A5A-D0AF837295EB}.Debug|Any CPU.Build.0 = Debug|Any CPU
		{DD29A9E6-60FE-45E5-8A5A-D0AF837295EB}.Release|Any CPU.ActiveCfg = Release|Any CPU
		{DD29A9E6-60FE-45E5-8A5A-D0AF837295EB}.Release|Any CPU.Build.0 = Release|Any CPU
	EndGlobalSection
	GlobalSection(SolutionProperties) = preSolution
		HideSolutionNode = FALSE
	EndGlobalSection
	GlobalSection(ExtensibilityGlobals) = postSolution
		SolutionGuid = {35ABE426-EC4B-4D94-ACB5-60F718E6C6B2}
	EndGlobalSection
EndGlobal
